
Microsoft Visual Studio Solution File, Format Version 12.00
# Visual Studio Version 17
VisualStudioVersion = 17.6.33829.357
MinimumVisualStudioVersion = 10.0.40219.1
Project("{2150E333-8FDC-42A3-9474-1A3956D46DE8}") = "1 - Domain", "1 - Domain", "{E7FC7092-4E2F-4596-A116-43350E3E9381}"
EndProject
Project("{2150E333-8FDC-42A3-9474-1A3956D46DE8}") = "2 - Data", "2 - Data", "{642977D5-0887-43D3-8316-06292145932D}"
EndProject
Project("{2150E333-8FDC-42A3-9474-1A3956D46DE8}") = "3 - Application", "3 - Application", "{57B07ECB-9C63-4C49-815F-ECBEDBC01AE3}"
EndProject
Project("{9A19103F-16F7-4668-BE54-9A1E7A4F7556}") = "GestaoDeProduto.Domain", "GestaoDeProduto.Domain\GestaoDeProduto.Domain.csproj", "{1D271E7D-30F2-40DA-B64F-701156FDEDA1}"
EndProject
Project("{9A19103F-16F7-4668-BE54-9A1E7A4F7556}") = "GestaoDeProduto.Data", "GestaoDeProduto.Data\GestaoDeProduto.Data.csproj", "{0DEAF1AE-32C0-4270-8871-550FAB75C337}"
EndProject
Project("{9A19103F-16F7-4668-BE54-9A1E7A4F7556}") = "LojaH1.Catalogo.Application", "LojaH1.Catalogo.Application\LojaH1.Catalogo.Application.csproj", "{8FF1B816-5565-4D32-BE24-2335EA7A9220}"
EndProject
Project("{9A19103F-16F7-4668-BE54-9A1E7A4F7556}") = "4 - API", "teste2\4 - API.csproj", "{DA926E98-D63D-4CAA-872A-517BB27D2508}"
EndProject
Project("{2150E333-8FDC-42A3-9474-1A3956D46DE8}") = "Itens de Solução", "Itens de Solução", "{2CE7E798-1B04-447B-8243-EF7DB214C73C}"
	ProjectSection(SolutionItems) = preProject
		QuestoesTeoricas.txt = QuestoesTeoricas.txt
	EndProjectSection
EndProject
Project("{2150E333-8FDC-42A3-9474-1A3956D46DE8}") = "5 - Infra", "5 - Infra", "{C3CCA1DD-AE5B-4F9E-851D-98B4BE3C7D14}"
EndProject
Project("{FAE04EC0-301F-11D3-BF4B-00C04F79EFBC}") = "LojaH1.Catalogo.Infra", "LojaH1.Catalogo.Infra\LojaH1.Catalogo.Infra.csproj", "{5AE42BCA-7CDB-417C-AB9E-CDCB7A3499A1}"
EndProject
Global
	GlobalSection(SolutionConfigurationPlatforms) = preSolution
		Debug|Any CPU = Debug|Any CPU
		Release|Any CPU = Release|Any CPU
	EndGlobalSection
	GlobalSection(ProjectConfigurationPlatforms) = postSolution
		{1D271E7D-30F2-40DA-B64F-701156FDEDA1}.Debug|Any CPU.ActiveCfg = Debug|Any CPU
		{1D271E7D-30F2-40DA-B64F-701156FDEDA1}.Debug|Any CPU.Build.0 = Debug|Any CPU
		{1D271E7D-30F2-40DA-B64F-701156FDEDA1}.Release|Any CPU.ActiveCfg = Release|Any CPU
		{1D271E7D-30F2-40DA-B64F-701156FDEDA1}.Release|Any CPU.Build.0 = Release|Any CPU
		{0DEAF1AE-32C0-4270-8871-550FAB75C337}.Debug|Any CPU.ActiveCfg = Debug|Any CPU
		{0DEAF1AE-32C0-4270-8871-550FAB75C337}.Debug|Any CPU.Build.0 = Debug|Any CPU
		{0DEAF1AE-32C0-4270-8871-550FAB75C337}.Release|Any CPU.ActiveCfg = Release|Any CPU
		{0DEAF1AE-32C0-4270-8871-550FAB75C337}.Release|Any CPU.Build.0 = Release|Any CPU
		{8FF1B816-5565-4D32-BE24-2335EA7A9220}.Debug|Any CPU.ActiveCfg = Debug|Any CPU
		{8FF1B816-5565-4D32-BE24-2335EA7A9220}.Debug|Any CPU.Build.0 = Debug|Any CPU
		{8FF1B816-5565-4D32-BE24-2335EA7A9220}.Release|Any CPU.ActiveCfg = Release|Any CPU
		{8FF1B816-5565-4D32-BE24-2335EA7A9220}.Release|Any CPU.Build.0 = Release|Any CPU
		{DA926E98-D63D-4CAA-872A-517BB27D2508}.Debug|Any CPU.ActiveCfg = Debug|Any CPU
		{DA926E98-D63D-4CAA-872A-517BB27D2508}.Debug|Any CPU.Build.0 = Debug|Any CPU
		{DA926E98-D63D-4CAA-872A-517BB27D2508}.Release|Any CPU.ActiveCfg = Release|Any CPU
		{DA926E98-D63D-4CAA-872A-517BB27D2508}.Release|Any CPU.Build.0 = Release|Any CPU
		{5AE42BCA-7CDB-417C-AB9E-CDCB7A3499A1}.Debug|Any CPU.ActiveCfg = Debug|Any CPU
		{5AE42BCA-7CDB-417C-AB9E-CDCB7A3499A1}.Debug|Any CPU.Build.0 = Debug|Any CPU
		{5AE42BCA-7CDB-417C-AB9E-CDCB7A3499A1}.Release|Any CPU.ActiveCfg = Release|Any CPU
		{5AE42BCA-7CDB-417C-AB9E-CDCB7A3499A1}.Release|Any CPU.Build.0 = Release|Any CPU
	EndGlobalSection
	GlobalSection(SolutionProperties) = preSolution
		HideSolutionNode = FALSE
	EndGlobalSection
	GlobalSection(NestedProjects) = preSolution
		{1D271E7D-30F2-40DA-B64F-701156FDEDA1} = {E7FC7092-4E2F-4596-A116-43350E3E9381}
		{0DEAF1AE-32C0-4270-8871-550FAB75C337} = {642977D5-0887-43D3-8316-06292145932D}
		{8FF1B816-5565-4D32-BE24-2335EA7A9220} = {57B07ECB-9C63-4C49-815F-ECBEDBC01AE3}
		{5AE42BCA-7CDB-417C-AB9E-CDCB7A3499A1} = {C3CCA1DD-AE5B-4F9E-851D-98B4BE3C7D14}
	EndGlobalSection
	GlobalSection(ExtensibilityGlobals) = postSolution
		SolutionGuid = {31F3A8BE-6724-48CA-9C06-DDCC21C727B5}
	EndGlobalSection
EndGlobal
